
Microsoft Visual Studio Solution File, Format Version 12.00
# Visual Studio Version 17
VisualStudioVersion = 17.5.33516.290
MinimumVisualStudioVersion = 10.0.40219.1
Project("{FAE04EC0-301F-11D3-BF4B-00C04F79EFBC}") = "QutesFixer", "QutesFixer\QutesFixer.csproj", "{76AAF40B-F46B-462A-A1CE-00149A4D5092}"
EndProject
Project("{FAE04EC0-301F-11D3-BF4B-00C04F79EFBC}") = "ChineseTranslater", "ChineseTranslater\ChineseTranslater.csproj", "{ED3BBB36-4A3A-42C2-8B1C-092F4E4AEBDB}"
EndProject
Global
	GlobalSection(SolutionConfigurationPlatforms) = preSolution
		Debug|Any CPU = Debug|Any CPU
		Release|Any CPU = Release|Any CPU
	EndGlobalSection
	GlobalSection(ProjectConfigurationPlatforms) = postSolution
		{76AAF40B-F46B-462A-A1CE-00149A4D5092}.Debug|Any CPU.ActiveCfg = Debug|Any CPU
		{76AAF40B-F46B-462A-A1CE-00149A4D5092}.Debug|Any CPU.Build.0 = Debug|Any CPU
		{76AAF40B-F46B-462A-A1CE-00149A4D5092}.Release|Any CPU.ActiveCfg = Release|Any CPU
		{76AAF40B-F46B-462A-A1CE-00149A4D5092}.Release|Any CPU.Build.0 = Release|Any CPU
		{ED3BBB36-4A3A-42C2-8B1C-092F4E4AEBDB}.Debug|Any CPU.ActiveCfg = Debug|Any CPU
		{ED3BBB36-4A3A-42C2-8B1C-092F4E4AEBDB}.Debug|Any CPU.Build.0 = Debug|Any CPU
		{ED3BBB36-4A3A-42C2-8B1C-092F4E4AEBDB}.Release|Any CPU.ActiveCfg = Release|Any CPU
		{ED3BBB36-4A3A-42C2-8B1C-092F4E4AEBDB}.Release|Any CPU.Build.0 = Release|Any CPU
	EndGlobalSection
	GlobalSection(SolutionProperties) = preSolution
		HideSolutionNode = FALSE
	EndGlobalSection
	GlobalSection(ExtensibilityGlobals) = postSolution
		SolutionGuid = {EE374068-1C6C-4984-8A04-ECE118ED2CF9}
	EndGlobalSection
EndGlobal
